// !$*UTF8*$!
{
	archiveVersion = 1;
	classes = {
	};
	objectVersion = 50;
	objects = {

/* Begin PBXBuildFile section */
		BAB0C56A21FABD9F008820AF /* AppDelegate.swift in Sources */ = {isa = PBXBuildFile; fileRef = BAB0C56921FABD9F008820AF /* AppDelegate.swift */; };
		BAB0C56C21FABD9F008820AF /* ViewController.swift in Sources */ = {isa = PBXBuildFile; fileRef = BAB0C56B21FABD9F008820AF /* ViewController.swift */; };
		BAB0C56F21FABD9F008820AF /* Main.storyboard in Resources */ = {isa = PBXBuildFile; fileRef = BAB0C56D21FABD9F008820AF /* Main.storyboard */; };
		BAB0C57121FABDA1008820AF /* Assets.xcassets in Resources */ = {isa = PBXBuildFile; fileRef = BAB0C57021FABDA1008820AF /* Assets.xcassets */; };
		BAB0C57421FABDA1008820AF /* LaunchScreen.storyboard in Resources */ = {isa = PBXBuildFile; fileRef = BAB0C57221FABDA1008820AF /* LaunchScreen.storyboard */; };
		BAB0C57F21FABDA1008820AF /* tippyTests.swift in Sources */ = {isa = PBXBuildFile; fileRef = BAB0C57E21FABDA1008820AF /* tippyTests.swift */; };
		BAB0C58A21FABDA2008820AF /* tippyUITests.swift in Sources */ = {isa = PBXBuildFile; fileRef = BAB0C58921FABDA2008820AF /* tippyUITests.swift */; };
/* End PBXBuildFile section */

/* Begin PBXContainerItemProxy section */
		BAB0C57B21FABDA1008820AF /* PBXContainerItemProxy */ = {
			isa = PBXContainerItemProxy;
			containerPortal = BAB0C55E21FABD9E008820AF /* Project object */;
			proxyType = 1;
			remoteGlobalIDString = BAB0C56521FABD9F008820AF;
			remoteInfo = tippy;
		};
		BAB0C58621FABDA2008820AF /* PBXContainerItemProxy */ = {
			isa = PBXContainerItemProxy;
			containerPortal = BAB0C55E21FABD9E008820AF /* Project object */;
			proxyType = 1;
			remoteGlobalIDString = BAB0C56521FABD9F008820AF;
			remoteInfo = tippy;
		};
/* End PBXContainerItemProxy section */

/* Begin PBXFileReference section */
		BAB0C56621FABD9F008820AF /* tippy.app */ = {isa = PBXFileReference; explicitFileType = wrapper.application; includeInIndex = 0; path = tippy.app; sourceTree = BUILT_PRODUCTS_DIR; };
		BAB0C56921FABD9F008820AF /* AppDelegate.swift */ = {isa = PBXFileReference; lastKnownFileType = sourcecode.swift; path = AppDelegate.swift; sourceTree = "<group>"; };
		BAB0C56B21FABD9F008820AF /* ViewController.swift */ = {isa = PBXFileReference; lastKnownFileType = sourcecode.swift; path = ViewController.swift; sourceTree = "<group>"; };
		BAB0C56E21FABD9F008820AF /* Base */ = {isa = PBXFileReference; lastKnownFileType = file.storyboard; name = Base; path = Base.lproj/Main.storyboard; sourceTree = "<group>"; };
		BAB0C57021FABDA1008820AF /* Assets.xcassets */ = {isa = PBXFileReference; lastKnownFileType = folder.assetcatalog; path = Assets.xcassets; sourceTree = "<group>"; };
		BAB0C57321FABDA1008820AF /* Base */ = {isa = PBXFileReference; lastKnownFileType = file.storyboard; name = Base; path = Base.lproj/LaunchScreen.storyboard; sourceTree = "<group>"; };
		BAB0C57521FABDA1008820AF /* Info.plist */ = {isa = PBXFileReference; lastKnownFileType = text.plist.xml; path = Info.plist; sourceTree = "<group>"; };
		BAB0C57A21FABDA1008820AF /* tippyTests.xctest */ = {isa = PBXFileReference; explicitFileType = wrapper.cfbundle; includeInIndex = 0; path = tippyTests.xctest; sourceTree = BUILT_PRODUCTS_DIR; };
		BAB0C57E21FABDA1008820AF /* tippyTests.swift */ = {isa = PBXFileReference; lastKnownFileType = sourcecode.swift; path = tippyTests.swift; sourceTree = "<group>"; };
		BAB0C58021FABDA1008820AF /* Info.plist */ = {isa = PBXFileReference; lastKnownFileType = text.plist.xml; path = Info.plist; sourceTree = "<group>"; };
		BAB0C58521FABDA2008820AF /* tippyUITests.xctest */ = {isa = PBXFileReference; explicitFileType = wrapper.cfbundle; includeInIndex = 0; path = tippyUITests.xctest; sourceTree = BUILT_PRODUCTS_DIR; };
		BAB0C58921FABDA2008820AF /* tippyUITests.swift */ = {isa = PBXFileReference; lastKnownFileType = sourcecode.swift; path = tippyUITests.swift; sourceTree = "<group>"; };
		BAB0C58B21FABDA2008820AF /* Info.plist */ = {isa = PBXFileReference; lastKnownFileType = text.plist.xml; path = Info.plist; sourceTree = "<group>"; };
/* End PBXFileReference section */

/* Begin PBXFrameworksBuildPhase section */
		BAB0C56321FABD9F008820AF /* Frameworks */ = {
			isa = PBXFrameworksBuildPhase;
			buildActionMask = 2147483647;
			files = (
			);
			runOnlyForDeploymentPostprocessing = 0;
		};
		BAB0C57721FABDA1008820AF /* Frameworks */ = {
			isa = PBXFrameworksBuildPhase;
			buildActionMask = 2147483647;
			files = (
			);
			runOnlyForDeploymentPostprocessing = 0;
		};
		BAB0C58221FABDA2008820AF /* Frameworks */ = {
			isa = PBXFrameworksBuildPhase;
			buildActionMask = 2147483647;
			files = (
			);
			runOnlyForDeploymentPostprocessing = 0;
		};
/* End PBXFrameworksBuildPhase section */

/* Begin PBXGroup section */
		BAB0C55D21FABD9E008820AF = {
			isa = PBXGroup;
			children = (
				BAB0C56821FABD9F008820AF /* tippy */,
				BAB0C57D21FABDA1008820AF /* tippyTests */,
				BAB0C58821FABDA2008820AF /* tippyUITests */,
				BAB0C56721FABD9F008820AF /* Products */,
			);
			sourceTree = "<group>";
		};
		BAB0C56721FABD9F008820AF /* Products */ = {
			isa = PBXGroup;
			children = (
				BAB0C56621FABD9F008820AF /* tippy.app */,
				BAB0C57A21FABDA1008820AF /* tippyTests.xctest */,
				BAB0C58521FABDA2008820AF /* tippyUITests.xctest */,
			);
			name = Products;
			sourceTree = "<group>";
		};
		BAB0C56821FABD9F008820AF /* tippy */ = {
			isa = PBXGroup;
			children = (
				BAB0C56921FABD9F008820AF /* AppDelegate.swift */,
				BAB0C56B21FABD9F008820AF /* ViewController.swift */,
				BAB0C56D21FABD9F008820AF /* Main.storyboard */,
				BAB0C57021FABDA1008820AF /* Assets.xcassets */,
				BAB0C57221FABDA1008820AF /* LaunchScreen.storyboard */,
				BAB0C57521FABDA1008820AF /* Info.plist */,
			);
			path = tippy;
			sourceTree = "<group>";
		};
		BAB0C57D21FABDA1008820AF /* tippyTests */ = {
			isa = PBXGroup;
			children = (
				BAB0C57E21FABDA1008820AF /* tippyTests.swift */,
				BAB0C58021FABDA1008820AF /* Info.plist */,
			);
			path = tippyTests;
			sourceTree = "<group>";
		};
		BAB0C58821FABDA2008820AF /* tippyUITests */ = {
			isa = PBXGroup;
			children = (
				BAB0C58921FABDA2008820AF /* tippyUITests.swift */,
				BAB0C58B21FABDA2008820AF /* Info.plist */,
			);
			path = tippyUITests;
			sourceTree = "<group>";
		};
/* End PBXGroup section */

/* Begin PBXNativeTarget section */
		BAB0C56521FABD9F008820AF /* tippy */ = {
			isa = PBXNativeTarget;
			buildConfigurationList = BAB0C58E21FABDA2008820AF /* Build configuration list for PBXNativeTarget "tippy" */;
			buildPhases = (
				BAB0C56221FABD9F008820AF /* Sources */,
				BAB0C56321FABD9F008820AF /* Frameworks */,
				BAB0C56421FABD9F008820AF /* Resources */,
			);
			buildRules = (
			);
			dependencies = (
			);
			name = tippy;
			productName = tippy;
			productReference = BAB0C56621FABD9F008820AF /* tippy.app */;
			productType = "com.apple.product-type.application";
		};
		BAB0C57921FABDA1008820AF /* tippyTests */ = {
			isa = PBXNativeTarget;
			buildConfigurationList = BAB0C59121FABDA2008820AF /* Build configuration list for PBXNativeTarget "tippyTests" */;
			buildPhases = (
				BAB0C57621FABDA1008820AF /* Sources */,
				BAB0C57721FABDA1008820AF /* Frameworks */,
				BAB0C57821FABDA1008820AF /* Resources */,
			);
			buildRules = (
			);
			dependencies = (
				BAB0C57C21FABDA1008820AF /* PBXTargetDependency */,
			);
			name = tippyTests;
			productName = tippyTests;
			productReference = BAB0C57A21FABDA1008820AF /* tippyTests.xctest */;
			productType = "com.apple.product-type.bundle.unit-test";
		};
		BAB0C58421FABDA2008820AF /* tippyUITests */ = {
			isa = PBXNativeTarget;
			buildConfigurationList = BAB0C59421FABDA2008820AF /* Build configuration list for PBXNativeTarget "tippyUITests" */;
			buildPhases = (
				BAB0C58121FABDA2008820AF /* Sources */,
				BAB0C58221FABDA2008820AF /* Frameworks */,
				BAB0C58321FABDA2008820AF /* Resources */,
			);
			buildRules = (
			);
			dependencies = (
				BAB0C58721FABDA2008820AF /* PBXTargetDependency */,
			);
			name = tippyUITests;
			productName = tippyUITests;
			productReference = BAB0C58521FABDA2008820AF /* tippyUITests.xctest */;
			productType = "com.apple.product-type.bundle.ui-testing";
		};
/* End PBXNativeTarget section */

/* Begin PBXProject section */
		BAB0C55E21FABD9E008820AF /* Project object */ = {
			isa = PBXProject;
			attributes = {
				LastSwiftUpdateCheck = 1010;
				LastUpgradeCheck = 1010;
				ORGANIZATIONNAME = codepath;
				TargetAttributes = {
					BAB0C56521FABD9F008820AF = {
						CreatedOnToolsVersion = 10.1;
					};
					BAB0C57921FABDA1008820AF = {
						CreatedOnToolsVersion = 10.1;
						TestTargetID = BAB0C56521FABD9F008820AF;
					};
					BAB0C58421FABDA2008820AF = {
						CreatedOnToolsVersion = 10.1;
						TestTargetID = BAB0C56521FABD9F008820AF;
					};
				};
			};
			buildConfigurationList = BAB0C56121FABD9F008820AF /* Build configuration list for PBXProject "tippy" */;
			compatibilityVersion = "Xcode 9.3";
			developmentRegion = en;
			hasScannedForEncodings = 0;
			knownRegions = (
				en,
				Base,
			);
			mainGroup = BAB0C55D21FABD9E008820AF;
			productRefGroup = BAB0C56721FABD9F008820AF /* Products */;
			projectDirPath = "";
			projectRoot = "";
			targets = (
				BAB0C56521FABD9F008820AF /* tippy */,
				BAB0C57921FABDA1008820AF /* tippyTests */,
				BAB0C58421FABDA2008820AF /* tippyUITests */,
			);
		};
/* End PBXProject section */

/* Begin PBXResourcesBuildPhase section */
		BAB0C56421FABD9F008820AF /* Resources */ = {
			isa = PBXResourcesBuildPhase;
			buildActionMask = 2147483647;
			files = (
				BAB0C57421FABDA1008820AF /* LaunchScreen.storyboard in Resources */,
				BAB0C57121FABDA1008820AF /* Assets.xcassets in Resources */,
				BAB0C56F21FABD9F008820AF /* Main.storyboard in Resources */,
			);
			runOnlyForDeploymentPostprocessing = 0;
		};
		BAB0C57821FABDA1008820AF /* Resources */ = {
			isa = PBXResourcesBuildPhase;
			buildActionMask = 2147483647;
			files = (
			);
			runOnlyForDeploymentPostprocessing = 0;
		};
		BAB0C58321FABDA2008820AF /* Resources */ = {
			isa = PBXResourcesBuildPhase;
			buildActionMask = 2147483647;
			files = (
			);
			runOnlyForDeploymentPostprocessing = 0;
		};
/* End PBXResourcesBuildPhase section */

/* Begin PBXSourcesBuildPhase section */
		BAB0C56221FABD9F008820AF /* Sources */ = {
			isa = PBXSourcesBuildPhase;
			buildActionMask = 2147483647;
			files = (
				BAB0C56C21FABD9F008820AF /* ViewController.swift in Sources */,
				BAB0C56A21FABD9F008820AF /* AppDelegate.swift in Sources */,
			);
			runOnlyForDeploymentPostprocessing = 0;
		};
		BAB0C57621FABDA1008820AF /* Sources */ = {
			isa = PBXSourcesBuildPhase;
			buildActionMask = 2147483647;
			files = (
				BAB0C57F21FABDA1008820AF /* tippyTests.swift in Sources */,
			);
			runOnlyForDeploymentPostprocessing = 0;
		};
		BAB0C58121FABDA2008820AF /* Sources */ = {
			isa = PBXSourcesBuildPhase;
			buildActionMask = 2147483647;
			files = (
				BAB0C58A21FABDA2008820AF /* tippyUITests.swift in Sources */,
			);
			runOnlyForDeploymentPostprocessing = 0;
		};
/* End PBXSourcesBuildPhase section */

/* Begin PBXTargetDependency section */
		BAB0C57C21FABDA1008820AF /* PBXTargetDependency */ = {
			isa = PBXTargetDependency;
			target = BAB0C56521FABD9F008820AF /* tippy */;
			targetProxy = BAB0C57B21FABDA1008820AF /* PBXContainerItemProxy */;
		};
		BAB0C58721FABDA2008820AF /* PBXTargetDependency */ = {
			isa = PBXTargetDependency;
			target = BAB0C56521FABD9F008820AF /* tippy */;
			targetProxy = BAB0C58621FABDA2008820AF /* PBXContainerItemProxy */;
		};
/* End PBXTargetDependency section */

/* Begin PBXVariantGroup section */
		BAB0C56D21FABD9F008820AF /* Main.storyboard */ = {
			isa = PBXVariantGroup;
			children = (
				BAB0C56E21FABD9F008820AF /* Base */,
			);
			name = Main.storyboard;
			sourceTree = "<group>";
		};
		BAB0C57221FABDA1008820AF /* LaunchScreen.storyboard */ = {
			isa = PBXVariantGroup;
			children = (
				BAB0C57321FABDA1008820AF /* Base */,
			);
			name = LaunchScreen.storyboard;
			sourceTree = "<group>";
		};
/* End PBXVariantGroup section */

/* Begin XCBuildConfiguration section */
		BAB0C58C21FABDA2008820AF /* Debug */ = {
			isa = XCBuildConfiguration;
			buildSettings = {
				ALWAYS_SEARCH_USER_PATHS = NO;
				CLANG_ANALYZER_NONNULL = YES;
				CLANG_ANALYZER_NUMBER_OBJECT_CONVERSION = YES_AGGRESSIVE;
				CLANG_CXX_LANGUAGE_STANDARD = "gnu++14";
				CLANG_CXX_LIBRARY = "libc++";
				CLANG_ENABLE_MODULES = YES;
				CLANG_ENABLE_OBJC_ARC = YES;
				CLANG_ENABLE_OBJC_WEAK = YES;
				CLANG_WARN_BLOCK_CAPTURE_AUTORELEASING = YES;
				CLANG_WARN_BOOL_CONVERSION = YES;
				CLANG_WARN_COMMA = YES;
				CLANG_WARN_CONSTANT_CONVERSION = YES;
				CLANG_WARN_DEPRECATED_OBJC_IMPLEMENTATIONS = YES;
				CLANG_WARN_DIRECT_OBJC_ISA_USAGE = YES_ERROR;
				CLANG_WARN_DOCUMENTATION_COMMENTS = YES;
				CLANG_WARN_EMPTY_BODY = YES;
				CLANG_WARN_ENUM_CONVERSION = YES;
				CLANG_WARN_INFINITE_RECURSION = YES;
				CLANG_WARN_INT_CONVERSION = YES;
				CLANG_WARN_NON_LITERAL_NULL_CONVERSION = YES;
				CLANG_WARN_OBJC_IMPLICIT_RETAIN_SELF = YES;
				CLANG_WARN_OBJC_LITERAL_CONVERSION = YES;
				CLANG_WARN_OBJC_ROOT_CLASS = YES_ERROR;
				CLANG_WARN_RANGE_LOOP_ANALYSIS = YES;
				CLANG_WARN_STRICT_PROTOTYPES = YES;
				CLANG_WARN_SUSPICIOUS_MOVE = YES;
				CLANG_WARN_UNGUARDED_AVAILABILITY = YES_AGGRESSIVE;
				CLANG_WARN_UNREACHABLE_CODE = YES;
				CLANG_WARN__DUPLICATE_METHOD_MATCH = YES;
				CODE_SIGN_IDENTITY = "iPhone Developer";
				COPY_PHASE_STRIP = NO;
				DEBUG_INFORMATION_FORMAT = dwarf;
				ENABLE_STRICT_OBJC_MSGSEND = YES;
				ENABLE_TESTABILITY = YES;
				GCC_C_LANGUAGE_STANDARD = gnu11;
				GCC_DYNAMIC_NO_PIC = NO;
				GCC_NO_COMMON_BLOCKS = YES;
				GCC_OPTIMIZATION_LEVEL = 0;
				GCC_PREPROCESSOR_DEFINITIONS = (
					"DEBUG=1",
					"$(inherited)",
				);
				GCC_WARN_64_TO_32_BIT_CONVERSION = YES;
				GCC_WARN_ABOUT_RETURN_TYPE = YES_ERROR;
				GCC_WARN_UNDECLARED_SELECTOR = YES;
				GCC_WARN_UNINITIALIZED_AUTOS = YES_AGGRESSIVE;
				GCC_WARN_UNUSED_FUNCTION = YES;
				GCC_WARN_UNUSED_VARIABLE = YES;
				IPHONEOS_DEPLOYMENT_TARGET = 12.1;
				MTL_ENABLE_DEBUG_INFO = INCLUDE_SOURCE;
				MTL_FAST_MATH = YES;
				ONLY_ACTIVE_ARCH = YES;
				SDKROOT = iphoneos;
				SWIFT_ACTIVE_COMPILATION_CONDITIONS = DEBUG;
				SWIFT_OPTIMIZATION_LEVEL = "-Onone";
			};
			name = Debug;
		};
		BAB0C58D21FABDA2008820AF /* Release */ = {
			isa = XCBuildConfiguration;
			buildSettings = {
				ALWAYS_SEARCH_USER_PATHS = NO;
				CLANG_ANALYZER_NONNULL = YES;
				CLANG_ANALYZER_NUMBER_OBJECT_CONVERSION = YES_AGGRESSIVE;
				CLANG_CXX_LANGUAGE_STANDARD = "gnu++14";
				CLANG_CXX_LIBRARY = "libc++";
				CLANG_ENABLE_MODULES = YES;
				CLANG_ENABLE_OBJC_ARC = YES;
				CLANG_ENABLE_OBJC_WEAK = YES;
				CLANG_WARN_BLOCK_CAPTURE_AUTORELEASING = YES;
				CLANG_WARN_BOOL_CONVERSION = YES;
				CLANG_WARN_COMMA = YES;
				CLANG_WARN_CONSTANT_CONVERSION = YES;
				CLANG_WARN_DEPRECATED_OBJC_IMPLEMENTATIONS = YES;
				CLANG_WARN_DIRECT_OBJC_ISA_USAGE = YES_ERROR;
				CLANG_WARN_DOCUMENTATION_COMMENTS = YES;
				CLANG_WARN_EMPTY_BODY = YES;
				CLANG_WARN_ENUM_CONVERSION = YES;
				CLANG_WARN_INFINITE_RECURSION = YES;
				CLANG_WARN_INT_CONVERSION = YES;
				CLANG_WARN_NON_LITERAL_NULL_CONVERSION = YES;
				CLANG_WARN_OBJC_IMPLICIT_RETAIN_SELF = YES;
				CLANG_WARN_OBJC_LITERAL_CONVERSION = YES;
				CLANG_WARN_OBJC_ROOT_CLASS = YES_ERROR;
				CLANG_WARN_RANGE_LOOP_ANALYSIS = YES;
				CLANG_WARN_STRICT_PROTOTYPES = YES;
				CLANG_WARN_SUSPICIOUS_MOVE = YES;
				CLANG_WARN_UNGUARDED_AVAILABILITY = YES_AGGRESSIVE;
				CLANG_WARN_UNREACHABLE_CODE = YES;
				CLANG_WARN__DUPLICATE_METHOD_MATCH = YES;
				CODE_SIGN_IDENTITY = "iPhone Developer";
				COPY_PHASE_STRIP = NO;
				DEBUG_INFORMATION_FORMAT = "dwarf-with-dsym";
				ENABLE_NS_ASSERTIONS = NO;
				ENABLE_STRICT_OBJC_MSGSEND = YES;
				GCC_C_LANGUAGE_STANDARD = gnu11;
				GCC_NO_COMMON_BLOCKS = YES;
				GCC_WARN_64_TO_32_BIT_CONVERSION = YES;
				GCC_WARN_ABOUT_RETURN_TYPE = YES_ERROR;
				GCC_WARN_UNDECLARED_SELECTOR = YES;
				GCC_WARN_UNINITIALIZED_AUTOS = YES_AGGRESSIVE;
				GCC_WARN_UNUSED_FUNCTION = YES;
				GCC_WARN_UNUSED_VARIABLE = YES;
				IPHONEOS_DEPLOYMENT_TARGET = 12.1;
				MTL_ENABLE_DEBUG_INFO = NO;
				MTL_FAST_MATH = YES;
				SDKROOT = iphoneos;
				SWIFT_COMPILATION_MODE = wholemodule;
				SWIFT_OPTIMIZATION_LEVEL = "-O";
				VALIDATE_PRODUCT = YES;
			};
			name = Release;
		};
		BAB0C58F21FABDA2008820AF /* Debug */ = {
			isa = XCBuildConfiguration;
			buildSettings = {
				ASSETCATALOG_COMPILER_APPICON_NAME = AppIcon;
				CODE_SIGN_STYLE = Automatic;
				INFOPLIST_FILE = tippy/Info.plist;
				LD_RUNPATH_SEARCH_PATHS = (
					"$(inherited)",
					"@executable_path/Frameworks",
				);
				PRODUCT_BUNDLE_IDENTIFIER = com.codepath.tippy;
				PRODUCT_NAME = "$(TARGET_NAME)";
				SWIFT_VERSION = 4.2;
				TARGETED_DEVICE_FAMILY = "1,2";
			};
			name = Debug;
		};
		BAB0C59021FABDA2008820AF /* Release */ = {
			isa = XCBuildConfiguration;
			buildSettings = {
				ASSETCATALOG_COMPILER_APPICON_NAME = AppIcon;
				CODE_SIGN_STYLE = Automatic;
				INFOPLIST_FILE = tippy/Info.plist;
				LD_RUNPATH_SEARCH_PATHS = (
					"$(inherited)",
					"@executable_path/Frameworks",
				);
				PRODUCT_BUNDLE_IDENTIFIER = com.codepath.tippy;
				PRODUCT_NAME = "$(TARGET_NAME)";
				SWIFT_VERSION = 4.2;
				TARGETED_DEVICE_FAMILY = "1,2";
			};
			name = Release;
		};
		BAB0C59221FABDA2008820AF /* Debug */ = {
			isa = XCBuildConfiguration;
			buildSettings = {
				ALWAYS_EMBED_SWIFT_STANDARD_LIBRARIES = YES;
				BUNDLE_LOADER = "$(TEST_HOST)";
				CODE_SIGN_STYLE = Automatic;
				INFOPLIST_FILE = tippyTests/Info.plist;
				LD_RUNPATH_SEARCH_PATHS = (
					"$(inherited)",
					"@executable_path/Frameworks",
					"@loader_path/Frameworks",
				);
				PRODUCT_BUNDLE_IDENTIFIER = com.codepath.tippyTests;
				PRODUCT_NAME = "$(TARGET_NAME)";
				SWIFT_VERSION = 4.2;
				TARGETED_DEVICE_FAMILY = "1,2";
				TEST_HOST = "$(BUILT_PRODUCTS_DIR)/tippy.app/tippy";
			};
			name = Debug;
		};
		BAB0C59321FABDA2008820AF /* Release */ = {
			isa = XCBuildConfiguration;
			buildSettings = {
				ALWAYS_EMBED_SWIFT_STANDARD_LIBRARIES = YES;
				BUNDLE_LOADER = "$(TEST_HOST)";
				CODE_SIGN_STYLE = Automatic;
				INFOPLIST_FILE = tippyTests/Info.plist;
				LD_RUNPATH_SEARCH_PATHS = (
					"$(inherited)",
					"@executable_path/Frameworks",
					"@loader_path/Frameworks",
				);
				PRODUCT_BUNDLE_IDENTIFIER = com.codepath.tippyTests;
				PRODUCT_NAME = "$(TARGET_NAME)";
				SWIFT_VERSION = 4.2;
				TARGETED_DEVICE_FAMILY = "1,2";
				TEST_HOST = "$(BUILT_PRODUCTS_DIR)/tippy.app/tippy";
			};
			name = Release;
		};
		BAB0C59521FABDA2008820AF /* Debug */ = {
			isa = XCBuildConfiguration;
			buildSettings = {
				ALWAYS_EMBED_SWIFT_STANDARD_LIBRARIES = YES;
				CODE_SIGN_STYLE = Automatic;
				INFOPLIST_FILE = tippyUITests/Info.plist;
				LD_RUNPATH_SEARCH_PATHS = (
					"$(inherited)",
					"@executable_path/Frameworks",
					"@loader_path/Frameworks",
				);
				PRODUCT_BUNDLE_IDENTIFIER = com.codepath.tippyUITests;
				PRODUCT_NAME = "$(TARGET_NAME)";
				SWIFT_VERSION = 4.2;
				TARGETED_DEVICE_FAMILY = "1,2";
				TEST_TARGET_NAME = tippy;
			};
			name = Debug;
		};
		BAB0C59621FABDA2008820AF /* Release */ = {
			isa = XCBuildConfiguration;
			buildSettings = {
				ALWAYS_EMBED_SWIFT_STANDARD_LIBRARIES = YES;
				CODE_SIGN_STYLE = Automatic;
				INFOPLIST_FILE = tippyUITests/Info.plist;
				LD_RUNPATH_SEARCH_PATHS = (
					"$(inherited)",
					"@executable_path/Frameworks",
					"@loader_path/Frameworks",
				);
				PRODUCT_BUNDLE_IDENTIFIER = com.codepath.tippyUITests;
				PRODUCT_NAME = "$(TARGET_NAME)";
				SWIFT_VERSION = 4.2;
				TARGETED_DEVICE_FAMILY = "1,2";
				TEST_TARGET_NAME = tippy;
			};
			name = Release;
		};
/* End XCBuildConfiguration section */

/* Begin XCConfigurationList section */
		BAB0C56121FABD9F008820AF /* Build configuration list for PBXProject "tippy" */ = {
			isa = XCConfigurationList;
			buildConfigurations = (
				BAB0C58C21FABDA2008820AF /* Debug */,
				BAB0C58D21FABDA2008820AF /* Release */,
			);
			defaultConfigurationIsVisible = 0;
			defaultConfigurationName = Release;
		};
		BAB0C58E21FABDA2008820AF /* Build configuration list for PBXNativeTarget "tippy" */ = {
			isa = XCConfigurationList;
			buildConfigurations = (
				BAB0C58F21FABDA2008820AF /* Debug */,
				BAB0C59021FABDA2008820AF /* Release */,
			);
			defaultConfigurationIsVisible = 0;
			defaultConfigurationName = Release;
		};
		BAB0C59121FABDA2008820AF /* Build configuration list for PBXNativeTarget "tippyTests" */ = {
			isa = XCConfigurationList;
			buildConfigurations = (
				BAB0C59221FABDA2008820AF /* Debug */,
				BAB0C59321FABDA2008820AF /* Release */,
			);
			defaultConfigurationIsVisible = 0;
			defaultConfigurationName = Release;
		};
		BAB0C59421FABDA2008820AF /* Build configuration list for PBXNativeTarget "tippyUITests" */ = {
			isa = XCConfigurationList;
			buildConfigurations = (
				BAB0C59521FABDA2008820AF /* Debug */,
				BAB0C59621FABDA2008820AF /* Release */,
			);
			defaultConfigurationIsVisible = 0;
			defaultConfigurationName = Release;
		};
/* End XCConfigurationList section */
	};
	rootObject = BAB0C55E21FABD9E008820AF /* Project object */;
}
